
Microsoft Visual Studio Solution File, Format Version 12.00
# Visual Studio Version 17
VisualStudioVersion = 17.7.34031.279
MinimumVisualStudioVersion = 10.0.40219.1
Project("{FAE04EC0-301F-11D3-BF4B-00C04F79EFBC}") = "Azure7_Dz_12.05", "Azure7_Dz_12.05\Azure7_Dz_12.05.csproj", "{2D98E030-528C-4150-9567-3E7206E2DD2E}"
EndProject
Global
	GlobalSection(SolutionConfigurationPlatforms) = preSolution
		Debug|Any CPU = Debug|Any CPU
		Release|Any CPU = Release|Any CPU
	EndGlobalSection
	GlobalSection(ProjectConfigurationPlatforms) = postSolution
		{2D98E030-528C-4150-9567-3E7206E2DD2E}.Debug|Any CPU.ActiveCfg = Debug|Any CPU
		{2D98E030-528C-4150-9567-3E7206E2DD2E}.Debug|Any CPU.Build.0 = Debug|Any CPU
		{2D98E030-528C-4150-9567-3E7206E2DD2E}.Release|Any CPU.ActiveCfg = Release|Any CPU
		{2D98E030-528C-4150-9567-3E7206E2DD2E}.Release|Any CPU.Build.0 = Release|Any CPU
	EndGlobalSection
	GlobalSection(SolutionProperties) = preSolution
		HideSolutionNode = FALSE
	EndGlobalSection
	GlobalSection(ExtensibilityGlobals) = postSolution
		SolutionGuid = {F7EAF22D-9642-4826-99DF-17CC24643E84}
	EndGlobalSection
EndGlobal
